
Microsoft Visual Studio Solution File, Format Version 12.00
# Visual Studio 15
VisualStudioVersion = 15.0.27130.2020
MinimumVisualStudioVersion = 10.0.40219.1
Project("{9A19103F-16F7-4668-BE54-9A1E7A4F7556}") = "SimplCoffee.API", "SimplCoffee.API\SimplCoffee.API.csproj", "{9C8E27D1-F1C8-4FD5-9A1D-370E922D8016}"
EndProject
Project("{FAE04EC0-301F-11D3-BF4B-00C04F79EFBC}") = "ApplicationCore", "ApplicationCore\ApplicationCore.csproj", "{94397757-3BA3-41D3-830A-E9AEF89F4283}"
EndProject
Project("{FAE04EC0-301F-11D3-BF4B-00C04F79EFBC}") = "Infrastructure", "Infrastructure\Infrastructure.csproj", "{4E98C52E-2C3B-4B84-B849-0612D5F28425}"
EndProject
Global
	GlobalSection(SolutionConfigurationPlatforms) = preSolution
		Debug|Any CPU = Debug|Any CPU
		Release|Any CPU = Release|Any CPU
	EndGlobalSection
	GlobalSection(ProjectConfigurationPlatforms) = postSolution
		{9C8E27D1-F1C8-4FD5-9A1D-370E922D8016}.Debug|Any CPU.ActiveCfg = Debug|Any CPU
		{9C8E27D1-F1C8-4FD5-9A1D-370E922D8016}.Debug|Any CPU.Build.0 = Debug|Any CPU
		{9C8E27D1-F1C8-4FD5-9A1D-370E922D8016}.Release|Any CPU.ActiveCfg = Release|Any CPU
		{9C8E27D1-F1C8-4FD5-9A1D-370E922D8016}.Release|Any CPU.Build.0 = Release|Any CPU
		{94397757-3BA3-41D3-830A-E9AEF89F4283}.Debug|Any CPU.ActiveCfg = Debug|Any CPU
		{94397757-3BA3-41D3-830A-E9AEF89F4283}.Debug|Any CPU.Build.0 = Debug|Any CPU
		{94397757-3BA3-41D3-830A-E9AEF89F4283}.Release|Any CPU.ActiveCfg = Release|Any CPU
		{94397757-3BA3-41D3-830A-E9AEF89F4283}.Release|Any CPU.Build.0 = Release|Any CPU
		{4E98C52E-2C3B-4B84-B849-0612D5F28425}.Debug|Any CPU.ActiveCfg = Debug|Any CPU
		{4E98C52E-2C3B-4B84-B849-0612D5F28425}.Debug|Any CPU.Build.0 = Debug|Any CPU
		{4E98C52E-2C3B-4B84-B849-0612D5F28425}.Release|Any CPU.ActiveCfg = Release|Any CPU
		{4E98C52E-2C3B-4B84-B849-0612D5F28425}.Release|Any CPU.Build.0 = Release|Any CPU
	EndGlobalSection
	GlobalSection(SolutionProperties) = preSolution
		HideSolutionNode = FALSE
	EndGlobalSection
	GlobalSection(ExtensibilityGlobals) = postSolution
		SolutionGuid = {BB8F4374-45F1-42CE-97F3-BD99C3EEBFCB}
	EndGlobalSection
EndGlobal
